// !$*UTF8*$!
{
	archiveVersion = 1;
	classes = {
	};
	objectVersion = 46;
	objects = {

/* Begin PBXBuildFile section */
		D3F48BA71E1434B700B39E4B /* Realm.framework in Frameworks */ = {isa = PBXBuildFile; fileRef = D3F48BA61E1434B700B39E4B /* Realm.framework */; };
		D3F48BA81E1434B700B39E4B /* Realm.framework in Embed Frameworks */ = {isa = PBXBuildFile; fileRef = D3F48BA61E1434B700B39E4B /* Realm.framework */; settings = {ATTRIBUTES = (CodeSignOnCopy, RemoveHeadersOnCopy, ); }; };
		D3F48BAB1E1434C600B39E4B /* RealmSwift.framework in Frameworks */ = {isa = PBXBuildFile; fileRef = D3F48BAA1E1434C600B39E4B /* RealmSwift.framework */; };
		D3F48BAC1E1434C600B39E4B /* RealmSwift.framework in Embed Frameworks */ = {isa = PBXBuildFile; fileRef = D3F48BAA1E1434C600B39E4B /* RealmSwift.framework */; settings = {ATTRIBUTES = (CodeSignOnCopy, RemoveHeadersOnCopy, ); }; };
		D3FE45F21E142CAB00AB16F6 /* AppDelegate.swift in Sources */ = {isa = PBXBuildFile; fileRef = D3FE45F11E142CAB00AB16F6 /* AppDelegate.swift */; };
		D3FE45F41E142CAB00AB16F6 /* ViewController.swift in Sources */ = {isa = PBXBuildFile; fileRef = D3FE45F31E142CAB00AB16F6 /* ViewController.swift */; };
		D3FE45F91E142CAB00AB16F6 /* Assets.xcassets in Resources */ = {isa = PBXBuildFile; fileRef = D3FE45F81E142CAB00AB16F6 /* Assets.xcassets */; };
		D3FE45FC1E142CAB00AB16F6 /* LaunchScreen.storyboard in Resources */ = {isa = PBXBuildFile; fileRef = D3FE45FA1E142CAB00AB16F6 /* LaunchScreen.storyboard */; };
/* End PBXBuildFile section */

/* Begin PBXCopyFilesBuildPhase section */
		D3F48BA91E1434B800B39E4B /* Embed Frameworks */ = {
			isa = PBXCopyFilesBuildPhase;
			buildActionMask = 2147483647;
			dstPath = "";
			dstSubfolderSpec = 10;
			files = (
				D3F48BAC1E1434C600B39E4B /* RealmSwift.framework in Embed Frameworks */,
				D3F48BA81E1434B700B39E4B /* Realm.framework in Embed Frameworks */,
			);
			name = "Embed Frameworks";
			runOnlyForDeploymentPostprocessing = 0;
		};
/* End PBXCopyFilesBuildPhase section */

/* Begin PBXFileReference section */
		D3F48BA51E14300900B39E4B /* RealmTasksLite.entitlements */ = {isa = PBXFileReference; lastKnownFileType = text.plist.entitlements; path = RealmTasksLite.entitlements; sourceTree = "<group>"; };
		D3F48BA61E1434B700B39E4B /* Realm.framework */ = {isa = PBXFileReference; lastKnownFileType = wrapper.framework; path = Realm.framework; sourceTree = "<group>"; };
		D3F48BAA1E1434C600B39E4B /* RealmSwift.framework */ = {isa = PBXFileReference; lastKnownFileType = wrapper.framework; path = RealmSwift.framework; sourceTree = "<group>"; };
		D3FE45EE1E142CAB00AB16F6 /* RealmTasksLite.app */ = {isa = PBXFileReference; explicitFileType = wrapper.application; includeInIndex = 0; path = RealmTasksLite.app; sourceTree = BUILT_PRODUCTS_DIR; };
		D3FE45F11E142CAB00AB16F6 /* AppDelegate.swift */ = {isa = PBXFileReference; lastKnownFileType = sourcecode.swift; path = AppDelegate.swift; sourceTree = "<group>"; };
		D3FE45F31E142CAB00AB16F6 /* ViewController.swift */ = {isa = PBXFileReference; lastKnownFileType = sourcecode.swift; path = ViewController.swift; sourceTree = "<group>"; };
		D3FE45F81E142CAB00AB16F6 /* Assets.xcassets */ = {isa = PBXFileReference; lastKnownFileType = folder.assetcatalog; path = Assets.xcassets; sourceTree = "<group>"; };
		D3FE45FB1E142CAB00AB16F6 /* Base */ = {isa = PBXFileReference; lastKnownFileType = file.storyboard; name = Base; path = Base.lproj/LaunchScreen.storyboard; sourceTree = "<group>"; };
		D3FE45FD1E142CAB00AB16F6 /* Info.plist */ = {isa = PBXFileReference; lastKnownFileType = text.plist.xml; path = Info.plist; sourceTree = "<group>"; };
/* End PBXFileReference section */

/* Begin PBXFrameworksBuildPhase section */
		D3FE45EB1E142CAB00AB16F6 /* Frameworks */ = {
			isa = PBXFrameworksBuildPhase;
			buildActionMask = 2147483647;
			files = (
				D3F48BAB1E1434C600B39E4B /* RealmSwift.framework in Frameworks */,
				D3F48BA71E1434B700B39E4B /* Realm.framework in Frameworks */,
			);
			runOnlyForDeploymentPostprocessing = 0;
		};
/* End PBXFrameworksBuildPhase section */

/* Begin PBXGroup section */
		D3FE45E51E142CAB00AB16F6 = {
			isa = PBXGroup;
			children = (
				D3F48BAA1E1434C600B39E4B /* RealmSwift.framework */,
				D3F48BA61E1434B700B39E4B /* Realm.framework */,
				D3FE45F01E142CAB00AB16F6 /* RealmTasksLite */,
				D3FE45EF1E142CAB00AB16F6 /* Products */,
			);
			sourceTree = "<group>";
		};
		D3FE45EF1E142CAB00AB16F6 /* Products */ = {
			isa = PBXGroup;
			children = (
				D3FE45EE1E142CAB00AB16F6 /* RealmTasksLite.app */,
			);
			name = Products;
			sourceTree = "<group>";
		};
		D3FE45F01E142CAB00AB16F6 /* RealmTasksLite */ = {
			isa = PBXGroup;
			children = (
				D3F48BA51E14300900B39E4B /* RealmTasksLite.entitlements */,
				D3FE45F11E142CAB00AB16F6 /* AppDelegate.swift */,
				D3FE45F31E142CAB00AB16F6 /* ViewController.swift */,
				D3FE45F81E142CAB00AB16F6 /* Assets.xcassets */,
				D3FE45FA1E142CAB00AB16F6 /* LaunchScreen.storyboard */,
				D3FE45FD1E142CAB00AB16F6 /* Info.plist */,
			);
			path = RealmTasksLite;
			sourceTree = "<group>";
		};
/* End PBXGroup section */

/* Begin PBXNativeTarget section */
		D3FE45ED1E142CAB00AB16F6 /* RealmTasksLite */ = {
			isa = PBXNativeTarget;
			buildConfigurationList = D3FE46001E142CAB00AB16F6 /* Build configuration list for PBXNativeTarget "RealmTasksLite" */;
			buildPhases = (
				D3FE45EA1E142CAB00AB16F6 /* Sources */,
				D3FE45EB1E142CAB00AB16F6 /* Frameworks */,
				D3FE45EC1E142CAB00AB16F6 /* Resources */,
				D3F48BA91E1434B800B39E4B /* Embed Frameworks */,
				D37082691E158CD500CFDB7D /* ShellScript */,
			);
			buildRules = (
			);
			dependencies = (
			);
			name = RealmTasksLite;
			productName = RealmTasksLite;
			productReference = D3FE45EE1E142CAB00AB16F6 /* RealmTasksLite.app */;
			productType = "com.apple.product-type.application";
		};
/* End PBXNativeTarget section */

/* Begin PBXProject section */
		D3FE45E61E142CAB00AB16F6 /* Project object */ = {
			isa = PBXProject;
			attributes = {
				LastSwiftUpdateCheck = 0820;
				LastUpgradeCheck = 0820;
				ORGANIZATIONNAME = "William L. Marr III";
				TargetAttributes = {
					D3FE45ED1E142CAB00AB16F6 = {
						CreatedOnToolsVersion = 8.2.1;
						DevelopmentTeam = 48DP5ENKMR;
						ProvisioningStyle = Automatic;
						SystemCapabilities = {
							com.apple.Keychain = {
								enabled = 1;
							};
						};
					};
				};
			};
			buildConfigurationList = D3FE45E91E142CAB00AB16F6 /* Build configuration list for PBXProject "RealmTasksLite" */;
			compatibilityVersion = "Xcode 3.2";
			developmentRegion = English;
			hasScannedForEncodings = 0;
			knownRegions = (
				en,
				Base,
			);
			mainGroup = D3FE45E51E142CAB00AB16F6;
			productRefGroup = D3FE45EF1E142CAB00AB16F6 /* Products */;
			projectDirPath = "";
			projectRoot = "";
			targets = (
				D3FE45ED1E142CAB00AB16F6 /* RealmTasksLite */,
			);
		};
/* End PBXProject section */

/* Begin PBXResourcesBuildPhase section */
		D3FE45EC1E142CAB00AB16F6 /* Resources */ = {
			isa = PBXResourcesBuildPhase;
			buildActionMask = 2147483647;
			files = (
				D3FE45FC1E142CAB00AB16F6 /* LaunchScreen.storyboard in Resources */,
				D3FE45F91E142CAB00AB16F6 /* Assets.xcassets in Resources */,
			);
			runOnlyForDeploymentPostprocessing = 0;
		};
/* End PBXResourcesBuildPhase section */

/* Begin PBXShellScriptBuildPhase section */
		D37082691E158CD500CFDB7D /* ShellScript */ = {
			isa = PBXShellScriptBuildPhase;
			buildActionMask = 12;
			files = (
			);
			inputPaths = (
			);
			outputPaths = (
			);
			runOnlyForDeploymentPostprocessing = 0;
			shellPath = /bin/sh;
			shellScript = "if which swiftlint >/dev/null; then\nswiftlint\nelse\necho \"Warning: SwiftLint not installed, download from https://github.com/realm/SwiftLint\"\nfi";
		};
/* End PBXShellScriptBuildPhase section */

/* Begin PBXSourcesBuildPhase section */
		D3FE45EA1E142CAB00AB16F6 /* Sources */ = {
			isa = PBXSourcesBuildPhase;
			buildActionMask = 2147483647;
			files = (
				D3FE45F41E142CAB00AB16F6 /* ViewController.swift in Sources */,
				D3FE45F21E142CAB00AB16F6 /* AppDelegate.swift in Sources */,
			);
			runOnlyForDeploymentPostprocessing = 0;
		};
/* End PBXSourcesBuildPhase section */

/* Begin PBXVariantGroup section */
		D3FE45FA1E142CAB00AB16F6 /* LaunchScreen.storyboard */ = {
			isa = PBXVariantGroup;
			children = (
				D3FE45FB1E142CAB00AB16F6 /* Base */,
			);
			name = LaunchScreen.storyboard;
			sourceTree = "<group>";
		};
/* End PBXVariantGroup section */

/* Begin XCBuildConfiguration section */
		D3FE45FE1E142CAB00AB16F6 /* Debug */ = {
			isa = XCBuildConfiguration;
			buildSettings = {
				ALWAYS_SEARCH_USER_PATHS = NO;
				CLANG_ANALYZER_NONNULL = YES;
				CLANG_CXX_LANGUAGE_STANDARD = "gnu++0x";
				CLANG_CXX_LIBRARY = "libc++";
				CLANG_ENABLE_MODULES = YES;
				CLANG_ENABLE_OBJC_ARC = YES;
				CLANG_WARN_BOOL_CONVERSION = YES;
				CLANG_WARN_CONSTANT_CONVERSION = YES;
				CLANG_WARN_DIRECT_OBJC_ISA_USAGE = YES_ERROR;
				CLANG_WARN_DOCUMENTATION_COMMENTS = YES;
				CLANG_WARN_EMPTY_BODY = YES;
				CLANG_WARN_ENUM_CONVERSION = YES;
				CLANG_WARN_INFINITE_RECURSION = YES;
				CLANG_WARN_INT_CONVERSION = YES;
				CLANG_WARN_OBJC_ROOT_CLASS = YES_ERROR;
				CLANG_WARN_SUSPICIOUS_MOVE = YES;
				CLANG_WARN_UNREACHABLE_CODE = YES;
				CLANG_WARN__DUPLICATE_METHOD_MATCH = YES;
				"CODE_SIGN_IDENTITY[sdk=iphoneos*]" = "iPhone Developer";
				COPY_PHASE_STRIP = NO;
				DEBUG_INFORMATION_FORMAT = dwarf;
				ENABLE_STRICT_OBJC_MSGSEND = YES;
				ENABLE_TESTABILITY = YES;
				GCC_C_LANGUAGE_STANDARD = gnu99;
				GCC_DYNAMIC_NO_PIC = NO;
				GCC_NO_COMMON_BLOCKS = YES;
				GCC_OPTIMIZATION_LEVEL = 0;
				GCC_PREPROCESSOR_DEFINITIONS = (
					"DEBUG=1",
					"$(inherited)",
				);
				GCC_WARN_64_TO_32_BIT_CONVERSION = YES;
				GCC_WARN_ABOUT_RETURN_TYPE = YES_ERROR;
				GCC_WARN_UNDECLARED_SELECTOR = YES;
				GCC_WARN_UNINITIALIZED_AUTOS = YES_AGGRESSIVE;
				GCC_WARN_UNUSED_FUNCTION = YES;
				GCC_WARN_UNUSED_VARIABLE = YES;
				IPHONEOS_DEPLOYMENT_TARGET = 10.2;
				MTL_ENABLE_DEBUG_INFO = YES;
				ONLY_ACTIVE_ARCH = YES;
				SDKROOT = iphoneos;
				SWIFT_ACTIVE_COMPILATION_CONDITIONS = DEBUG;
				SWIFT_OPTIMIZATION_LEVEL = "-Onone";
			};
			name = Debug;
		};
		D3FE45FF1E142CAB00AB16F6 /* Release */ = {
			isa = XCBuildConfiguration;
			buildSettings = {
				ALWAYS_SEARCH_USER_PATHS = NO;
				CLANG_ANALYZER_NONNULL = YES;
				CLANG_CXX_LANGUAGE_STANDARD = "gnu++0x";
				CLANG_CXX_LIBRARY = "libc++";
				CLANG_ENABLE_MODULES = YES;
				CLANG_ENABLE_OBJC_ARC = YES;
				CLANG_WARN_BOOL_CONVERSION = YES;
				CLANG_WARN_CONSTANT_CONVERSION = YES;
				CLANG_WARN_DIRECT_OBJC_ISA_USAGE = YES_ERROR;
				CLANG_WARN_DOCUMENTATION_COMMENTS = YES;
				CLANG_WARN_EMPTY_BODY = YES;
				CLANG_WARN_ENUM_CONVERSION = YES;
				CLANG_WARN_INFINITE_RECURSION = YES;
				CLANG_WARN_INT_CONVERSION = YES;
				CLANG_WARN_OBJC_ROOT_CLASS = YES_ERROR;
				CLANG_WARN_SUSPICIOUS_MOVE = YES;
				CLANG_WARN_UNREACHABLE_CODE = YES;
				CLANG_WARN__DUPLICATE_METHOD_MATCH = YES;
				"CODE_SIGN_IDENTITY[sdk=iphoneos*]" = "iPhone Developer";
				COPY_PHASE_STRIP = NO;
				DEBUG_INFORMATION_FORMAT = "dwarf-with-dsym";
				ENABLE_NS_ASSERTIONS = NO;
				ENABLE_STRICT_OBJC_MSGSEND = YES;
				GCC_C_LANGUAGE_STANDARD = gnu99;
				GCC_NO_COMMON_BLOCKS = YES;
				GCC_WARN_64_TO_32_BIT_CONVERSION = YES;
				GCC_WARN_ABOUT_RETURN_TYPE = YES_ERROR;
				GCC_WARN_UNDECLARED_SELECTOR = YES;
				GCC_WARN_UNINITIALIZED_AUTOS = YES_AGGRESSIVE;
				GCC_WARN_UNUSED_FUNCTION = YES;
				GCC_WARN_UNUSED_VARIABLE = YES;
				IPHONEOS_DEPLOYMENT_TARGET = 10.2;
				MTL_ENABLE_DEBUG_INFO = NO;
				SDKROOT = iphoneos;
				SWIFT_OPTIMIZATION_LEVEL = "-Owholemodule";
				VALIDATE_PRODUCT = YES;
			};
			name = Release;
		};
		D3FE46011E142CAB00AB16F6 /* Debug */ = {
			isa = XCBuildConfiguration;
			buildSettings = {
				ASSETCATALOG_COMPILER_APPICON_NAME = AppIcon;
				CODE_SIGN_ENTITLEMENTS = RealmTasksLite/RealmTasksLite.entitlements;
				DEVELOPMENT_TEAM = 48DP5ENKMR;
				FRAMEWORK_SEARCH_PATHS = (
					"$(inherited)",
					"$(PROJECT_DIR)",
				);
				INFOPLIST_FILE = RealmTasksLite/Info.plist;
				LD_RUNPATH_SEARCH_PATHS = "$(inherited) @executable_path/Frameworks";
				PRODUCT_BUNDLE_IDENTIFIER = net.wlmiii.RealmTasksLite;
				PRODUCT_NAME = "$(TARGET_NAME)";
				SWIFT_VERSION = 3.0;
			};
			name = Debug;
		};
		D3FE46021E142CAB00AB16F6 /* Release */ = {
			isa = XCBuildConfiguration;
			buildSettings = {
				ASSETCATALOG_COMPILER_APPICON_NAME = AppIcon;
				CODE_SIGN_ENTITLEMENTS = RealmTasksLite/RealmTasksLite.entitlements;
				DEVELOPMENT_TEAM = 48DP5ENKMR;
				FRAMEWORK_SEARCH_PATHS = (
					"$(inherited)",
					"$(PROJECT_DIR)",
				);
				INFOPLIST_FILE = RealmTasksLite/Info.plist;
				LD_RUNPATH_SEARCH_PATHS = "$(inherited) @executable_path/Frameworks";
				PRODUCT_BUNDLE_IDENTIFIER = net.wlmiii.RealmTasksLite;
				PRODUCT_NAME = "$(TARGET_NAME)";
				SWIFT_VERSION = 3.0;
			};
			name = Release;
		};
/* End XCBuildConfiguration section */

/* Begin XCConfigurationList section */
		D3FE45E91E142CAB00AB16F6 /* Build configuration list for PBXProject "RealmTasksLite" */ = {
			isa = XCConfigurationList;
			buildConfigurations = (
				D3FE45FE1E142CAB00AB16F6 /* Debug */,
				D3FE45FF1E142CAB00AB16F6 /* Release */,
			);
			defaultConfigurationIsVisible = 0;
			defaultConfigurationName = Release;
		};
		D3FE46001E142CAB00AB16F6 /* Build configuration list for PBXNativeTarget "RealmTasksLite" */ = {
			isa = XCConfigurationList;
			buildConfigurations = (
				D3FE46011E142CAB00AB16F6 /* Debug */,
				D3FE46021E142CAB00AB16F6 /* Release */,
			);
			defaultConfigurationIsVisible = 0;
			defaultConfigurationName = Release;
		};
/* End XCConfigurationList section */
	};
	rootObject = D3FE45E61E142CAB00AB16F6 /* Project object */;
}
